
Microsoft Visual Studio Solution File, Format Version 12.00
# Visual Studio 15
Project("{FAE04EC0-301F-11D3-BF4B-00C04F79EFBC}") = "Xamarin.Forms.MVVMBase", "Xamarin.Forms.MVVMBase.csproj", "{99A82BB8-5B3F-43E2-9BFC-E7FBDEEF97E5}"
EndProject
Global
	GlobalSection(SolutionConfigurationPlatforms) = preSolution
		Debug|Any CPU = Debug|Any CPU
		Release|Any CPU = Release|Any CPU
	EndGlobalSection
	GlobalSection(ProjectConfigurationPlatforms) = postSolution
		{99A82BB8-5B3F-43E2-9BFC-E7FBDEEF97E5}.Debug|Any CPU.ActiveCfg = Debug|Any CPU
		{99A82BB8-5B3F-43E2-9BFC-E7FBDEEF97E5}.Debug|Any CPU.Build.0 = Debug|Any CPU
		{99A82BB8-5B3F-43E2-9BFC-E7FBDEEF97E5}.Release|Any CPU.ActiveCfg = Release|Any CPU
		{99A82BB8-5B3F-43E2-9BFC-E7FBDEEF97E5}.Release|Any CPU.Build.0 = Release|Any CPU
	EndGlobalSection
EndGlobal
